
Microsoft Visual Studio Solution File, Format Version 12.00
# Visual Studio Version 17
VisualStudioVersion = 17.9.34622.214
MinimumVisualStudioVersion = 10.0.40219.1
Project("{8BC9CEB8-8B4A-11D0-8D11-00A0C91BC942}") = "x9.Volumes", "x9.Volumes.vcxproj", "{36B7D66B-7890-45D6-B0A1-D6FB255CD52E}"
EndProject
Global
	GlobalSection(SolutionConfigurationPlatforms) = preSolution
		Debug|x64 = Debug|x64
		Debug|x86 = Debug|x86
		Release|x64 = Release|x64
		Release|x86 = Release|x86
	EndGlobalSection
	GlobalSection(ProjectConfigurationPlatforms) = postSolution
		{36B7D66B-7890-45D6-B0A1-D6FB255CD52E}.Debug|x64.ActiveCfg = Debug|x64
		{36B7D66B-7890-45D6-B0A1-D6FB255CD52E}.Debug|x64.Build.0 = Debug|x64
		{36B7D66B-7890-45D6-B0A1-D6FB255CD52E}.Debug|x86.ActiveCfg = Debug|Win32
		{36B7D66B-7890-45D6-B0A1-D6FB255CD52E}.Debug|x86.Build.0 = Debug|Win32
		{36B7D66B-7890-45D6-B0A1-D6FB255CD52E}.Release|x64.ActiveCfg = Release|x64
		{36B7D66B-7890-45D6-B0A1-D6FB255CD52E}.Release|x64.Build.0 = Release|x64
		{36B7D66B-7890-45D6-B0A1-D6FB255CD52E}.Release|x86.ActiveCfg = Release|Win32
		{36B7D66B-7890-45D6-B0A1-D6FB255CD52E}.Release|x86.Build.0 = Release|Win32
	EndGlobalSection
	GlobalSection(SolutionProperties) = preSolution
		HideSolutionNode = FALSE
	EndGlobalSection
	GlobalSection(ExtensibilityGlobals) = postSolution
		SolutionGuid = {3A656EC7-9695-428E-9C7C-DA59ECE6416D}
	EndGlobalSection
EndGlobal
